
Microsoft Visual Studio Solution File, Format Version 12.00
# Visual Studio Version 17
VisualStudioVersion = 17.6.33829.357
MinimumVisualStudioVersion = 10.0.40219.1
Project("{FAE04EC0-301F-11D3-BF4B-00C04F79EFBC}") = "AssistedProject_34", "AssistedProject_34\AssistedProject_34.csproj", "{78D69848-4F1A-4614-947B-EE22B0B3E2AB}"
EndProject
Global
	GlobalSection(SolutionConfigurationPlatforms) = preSolution
		Debug|Any CPU = Debug|Any CPU
		Release|Any CPU = Release|Any CPU
	EndGlobalSection
	GlobalSection(ProjectConfigurationPlatforms) = postSolution
		{78D69848-4F1A-4614-947B-EE22B0B3E2AB}.Debug|Any CPU.ActiveCfg = Debug|Any CPU
		{78D69848-4F1A-4614-947B-EE22B0B3E2AB}.Debug|Any CPU.Build.0 = Debug|Any CPU
		{78D69848-4F1A-4614-947B-EE22B0B3E2AB}.Release|Any CPU.ActiveCfg = Release|Any CPU
		{78D69848-4F1A-4614-947B-EE22B0B3E2AB}.Release|Any CPU.Build.0 = Release|Any CPU
	EndGlobalSection
	GlobalSection(SolutionProperties) = preSolution
		HideSolutionNode = FALSE
	EndGlobalSection
	GlobalSection(ExtensibilityGlobals) = postSolution
		SolutionGuid = {D76B1A94-DE8D-4ED1-B805-85FCC4F123C4}
	EndGlobalSection
EndGlobal
